git.sr.ht/~adnano/go-gemini v0.1.6 h1:nc13BMKnrHSWnR55DkaffsAe6Ik7nqwrq31Be1/0T0k=
git.sr.ht/~adnano/go-gemini v0.1.6/go.mod h1:If1VxEWcZDrRt5FeAFnGTcM2Ud1E3BXs3VJ5rnZWKq0=
git.sr.ht/~sircmpwn/getopt v0.0.0-20191230200459-23622cc906b3 h1:4wDp4BKF7NQqoh73VXpZsB/t1OEhDpz/zEpmdQfbjDk=
git.sr.ht/~sircmpwn/getopt v0.0.0-20191230200459-23622cc906b3/go.mod h1:wMEGFFFNuPos7vHmWXfszqImLppbc0wEhh6JBfJIUgw=
github.com/davecgh/go-spew v1.1.0 h1:ZDRjVQ15GmhC3fiQ8ni8+OwkZQO4DARzQgrnXU1Liz8=
github.com/davecgh/go-spew v1.1.0/go.mod h1:J7Y8YcW2NihsgmVo/mv3lAwl/skON4iLHjSsI+c5H38=
github.com/pmezard/go-difflib v1.0.0 h1:4DBwDE0NGyQoBHbLQYPwSUPoCMWR5BEzIk/f1lZbAQM=
github.com/pmezard/go-difflib v1.0.0/go.mod h1:iKH77koFhYxTK1pcRnkKkqfTogsbg7gZNVY4sRDYZ/4=
github.com/stretchr/objx v0.1.0/go.mod h1:HFkY916IF+rwdDfMAkV7OtwuqBVzrE8GR6GFx+wExME=
github.com/stretchr/testify v1.3.0 h1:TivCn/peBQ7UY8ooIcPgZFpTNSz0Q2U6UrFlUfqbe0Q=
github.com/stretchr/testify v1.3.0/go.mod h1:M5WIy9Dh21IEIfnGCwXGc5bZfKNJtfHm1UVUgZn+9EI=
